
Microsoft Visual Studio Solution File, Format Version 12.00
# Visual Studio Version 17
VisualStudioVersion = 17.5.002.0
MinimumVisualStudioVersion = 10.0.40219.1
Project("{9A19103F-16F7-4668-BE54-9A1E7A4F7556}") = "TestProject2", "TestProject2.csproj", "{B7B92520-164C-4153-A09B-9348F9B02AB5}"
EndProject
Global
	GlobalSection(SolutionConfigurationPlatforms) = preSolution
		Debug|Any CPU = Debug|Any CPU
		Release|Any CPU = Release|Any CPU
	EndGlobalSection
	GlobalSection(ProjectConfigurationPlatforms) = postSolution
		{B7B92520-164C-4153-A09B-9348F9B02AB5}.Debug|Any CPU.ActiveCfg = Debug|Any CPU
		{B7B92520-164C-4153-A09B-9348F9B02AB5}.Debug|Any CPU.Build.0 = Debug|Any CPU
		{B7B92520-164C-4153-A09B-9348F9B02AB5}.Release|Any CPU.ActiveCfg = Release|Any CPU
		{B7B92520-164C-4153-A09B-9348F9B02AB5}.Release|Any CPU.Build.0 = Release|Any CPU
	EndGlobalSection
	GlobalSection(SolutionProperties) = preSolution
		HideSolutionNode = FALSE
	EndGlobalSection
	GlobalSection(ExtensibilityGlobals) = postSolution
		SolutionGuid = {FCC67B83-827D-4CAC-A4E8-AE363D510080}
	EndGlobalSection
EndGlobal
